
Microsoft Visual Studio Solution File, Format Version 12.00
# Visual Studio 2012
Project("{FAE04EC0-301F-11D3-BF4B-00C04F79EFBC}") = "Todo.Web", "Todo.Web\Todo.Web.csproj", "{8C305A7A-E748-45C3-B621-F1A442BB370D}"
EndProject
Project("{FAE04EC0-301F-11D3-BF4B-00C04F79EFBC}") = "Todo.Model", "Todo.Model\Todo.Model.csproj", "{9996EF0B-8937-4535-8CDB-081C42F9F7DF}"
EndProject
Global
	GlobalSection(SolutionConfigurationPlatforms) = preSolution
		Debug|Any CPU = Debug|Any CPU
		Release|Any CPU = Release|Any CPU
	EndGlobalSection
	GlobalSection(ProjectConfigurationPlatforms) = postSolution
		{8C305A7A-E748-45C3-B621-F1A442BB370D}.Debug|Any CPU.ActiveCfg = Debug|Any CPU
		{8C305A7A-E748-45C3-B621-F1A442BB370D}.Debug|Any CPU.Build.0 = Debug|Any CPU
		{8C305A7A-E748-45C3-B621-F1A442BB370D}.Release|Any CPU.ActiveCfg = Release|Any CPU
		{8C305A7A-E748-45C3-B621-F1A442BB370D}.Release|Any CPU.Build.0 = Release|Any CPU
		{9996EF0B-8937-4535-8CDB-081C42F9F7DF}.Debug|Any CPU.ActiveCfg = Debug|Any CPU
		{9996EF0B-8937-4535-8CDB-081C42F9F7DF}.Debug|Any CPU.Build.0 = Debug|Any CPU
		{9996EF0B-8937-4535-8CDB-081C42F9F7DF}.Release|Any CPU.ActiveCfg = Release|Any CPU
		{9996EF0B-8937-4535-8CDB-081C42F9F7DF}.Release|Any CPU.Build.0 = Release|Any CPU
	EndGlobalSection
	GlobalSection(SolutionProperties) = preSolution
		HideSolutionNode = FALSE
	EndGlobalSection
EndGlobal
